// !$*UTF8*$!
{
	archiveVersion = 1;
	classes = {
	};
	objectVersion = 77;
	objects = {

/* Begin PBXBuildFile section */
		B51662CE2F64A058009064BF /* LeapSDK in Frameworks */ = {isa = PBXBuildFile; productRef = B51662CD2F64A058009064BF /* LeapSDK */; };
/* End PBXBuildFile section */

/* Begin PBXContainerItemProxy section */
		B51662B02F649FDA009064BF /* PBXContainerItemProxy */ = {
			isa = PBXContainerItemProxy;
			containerPortal = B516629A2F649FD6009064BF /* Project object */;
			proxyType = 1;
			remoteGlobalIDString = B51662A12F649FD6009064BF;
			remoteInfo = LeapModelTesting;
		};
		B51662BA2F649FDA009064BF /* PBXContainerItemProxy */ = {
			isa = PBXContainerItemProxy;
			containerPortal = B516629A2F649FD6009064BF /* Project object */;
			proxyType = 1;
			remoteGlobalIDString = B51662A12F649FD6009064BF;
			remoteInfo = LeapModelTesting;
		};
/* End PBXContainerItemProxy section */

/* Begin PBXFileReference section */
		B51662A22F649FD6009064BF /* LeapModelTesting.app */ = {isa = PBXFileReference; explicitFileType = wrapper.application; includeInIndex = 0; path = LeapModelTesting.app; sourceTree = BUILT_PRODUCTS_DIR; };
		B51662AF2F649FDA009064BF /* LeapModelTestingTests.xctest */ = {isa = PBXFileReference; explicitFileType = wrapper.cfbundle; includeInIndex = 0; path = LeapModelTestingTests.xctest; sourceTree = BUILT_PRODUCTS_DIR; };
		B51662B92F649FDA009064BF /* LeapModelTestingUITests.xctest */ = {isa = PBXFileReference; explicitFileType = wrapper.cfbundle; includeInIndex = 0; path = LeapModelTestingUITests.xctest; sourceTree = BUILT_PRODUCTS_DIR; };
/* End PBXFileReference section */

/* Begin PBXFileSystemSynchronizedRootGroup section */
		B51662A42F649FD6009064BF /* LeapModelTesting */ = {
			isa = PBXFileSystemSynchronizedRootGroup;
			path = LeapModelTesting;
			sourceTree = "<group>";
		};
		B51662B22F649FDA009064BF /* LeapModelTestingTests */ = {
			isa = PBXFileSystemSynchronizedRootGroup;
			path = LeapModelTestingTests;
			sourceTree = "<group>";
		};
		B51662BC2F649FDA009064BF /* LeapModelTestingUITests */ = {
			isa = PBXFileSystemSynchronizedRootGroup;
			path = LeapModelTestingUITests;
			sourceTree = "<group>";
		};
/* End PBXFileSystemSynchronizedRootGroup section */

/* Begin PBXFrameworksBuildPhase section */
		B516629F2F649FD6009064BF /* Frameworks */ = {
			isa = PBXFrameworksBuildPhase;
			buildActionMask = 2147483647;
			files = (
				B51662CE2F64A058009064BF /* LeapSDK in Frameworks */,
			);
			runOnlyForDeploymentPostprocessing = 0;
		};
		B51662AC2F649FDA009064BF /* Frameworks */ = {
			isa = PBXFrameworksBuildPhase;
			buildActionMask = 2147483647;
			files = (
			);
			runOnlyForDeploymentPostprocessing = 0;
		};
		B51662B62F649FDA009064BF /* Frameworks */ = {
			isa = PBXFrameworksBuildPhase;
			buildActionMask = 2147483647;
			files = (
			);
			runOnlyForDeploymentPostprocessing = 0;
		};
/* End PBXFrameworksBuildPhase section */

/* Begin PBXGroup section */
		B51662992F649FD6009064BF = {
			isa = PBXGroup;
			children = (
				B51662A42F649FD6009064BF /* LeapModelTesting */,
				B51662B22F649FDA009064BF /* LeapModelTestingTests */,
				B51662BC2F649FDA009064BF /* LeapModelTestingUITests */,
				B51662A32F649FD6009064BF /* Products */,
			);
			sourceTree = "<group>";
		};
		B51662A32F649FD6009064BF /* Products */ = {
			isa = PBXGroup;
			children = (
				B51662A22F649FD6009064BF /* LeapModelTesting.app */,
				B51662AF2F649FDA009064BF /* LeapModelTestingTests.xctest */,
				B51662B92F649FDA009064BF /* LeapModelTestingUITests.xctest */,
			);
			name = Products;
			sourceTree = "<group>";
		};
/* End PBXGroup section */

/* Begin PBXNativeTarget section */
		B51662A12F649FD6009064BF /* LeapModelTesting */ = {
			isa = PBXNativeTarget;
			buildConfigurationList = B51662C32F649FDA009064BF /* Build configuration list for PBXNativeTarget "LeapModelTesting" */;
			buildPhases = (
				B516629E2F649FD6009064BF /* Sources */,
				B516629F2F649FD6009064BF /* Frameworks */,
				B51662A02F649FD6009064BF /* Resources */,
			);
			buildRules = (
			);
			dependencies = (
			);
			fileSystemSynchronizedGroups = (
				B51662A42F649FD6009064BF /* LeapModelTesting */,
			);
			name = LeapModelTesting;
			packageProductDependencies = (
				B51662CD2F64A058009064BF /* LeapSDK */,
			);
			productName = LeapModelTesting;
			productReference = B51662A22F649FD6009064BF /* LeapModelTesting.app */;
			productType = "com.apple.product-type.application";
		};
		B51662AE2F649FDA009064BF /* LeapModelTestingTests */ = {
			isa = PBXNativeTarget;
			buildConfigurationList = B51662C62F649FDA009064BF /* Build configuration list for PBXNativeTarget "LeapModelTestingTests" */;
			buildPhases = (
				B51662AB2F649FDA009064BF /* Sources */,
				B51662AC2F649FDA009064BF /* Frameworks */,
				B51662AD2F649FDA009064BF /* Resources */,
			);
			buildRules = (
			);
			dependencies = (
				B51662B12F649FDA009064BF /* PBXTargetDependency */,
			);
			fileSystemSynchronizedGroups = (
				B51662B22F649FDA009064BF /* LeapModelTestingTests */,
			);
			name = LeapModelTestingTests;
			packageProductDependencies = (
			);
			productName = LeapModelTestingTests;
			productReference = B51662AF2F649FDA009064BF /* LeapModelTestingTests.xctest */;
			productType = "com.apple.product-type.bundle.unit-test";
		};
		B51662B82F649FDA009064BF /* LeapModelTestingUITests */ = {
			isa = PBXNativeTarget;
			buildConfigurationList = B51662C92F649FDA009064BF /* Build configuration list for PBXNativeTarget "LeapModelTestingUITests" */;
			buildPhases = (
				B51662B52F649FDA009064BF /* Sources */,
				B51662B62F649FDA009064BF /* Frameworks */,
				B51662B72F649FDA009064BF /* Resources */,
			);
			buildRules = (
			);
			dependencies = (
				B51662BB2F649FDA009064BF /* PBXTargetDependency */,
			);
			fileSystemSynchronizedGroups = (
				B51662BC2F649FDA009064BF /* LeapModelTestingUITests */,
			);
			name = LeapModelTestingUITests;
			packageProductDependencies = (
			);
			productName = LeapModelTestingUITests;
			productReference = B51662B92F649FDA009064BF /* LeapModelTestingUITests.xctest */;
			productType = "com.apple.product-type.bundle.ui-testing";
		};
/* End PBXNativeTarget section */

/* Begin PBXProject section */
		B516629A2F649FD6009064BF /* Project object */ = {
			isa = PBXProject;
			attributes = {
				BuildIndependentTargetsInParallel = 1;
				LastSwiftUpdateCheck = 2620;
				LastUpgradeCheck = 2620;
				TargetAttributes = {
					B51662A12F649FD6009064BF = {
						CreatedOnToolsVersion = 26.2;
					};
					B51662AE2F649FDA009064BF = {
						CreatedOnToolsVersion = 26.2;
						TestTargetID = B51662A12F649FD6009064BF;
					};
					B51662B82F649FDA009064BF = {
						CreatedOnToolsVersion = 26.2;
						TestTargetID = B51662A12F649FD6009064BF;
					};
				};
			};
			buildConfigurationList = B516629D2F649FD6009064BF /* Build configuration list for PBXProject "LeapModelTesting" */;
			developmentRegion = en;
			hasScannedForEncodings = 0;
			knownRegions = (
				en,
				Base,
			);
			mainGroup = B51662992F649FD6009064BF;
			minimizedProjectReferenceProxies = 1;
			packageReferences = (
				B51662CC2F64A057009064BF /* XCRemoteSwiftPackageReference "leap-ios" */,
			);
			preferredProjectObjectVersion = 77;
			productRefGroup = B51662A32F649FD6009064BF /* Products */;
			projectDirPath = "";
			projectRoot = "";
			targets = (
				B51662A12F649FD6009064BF /* LeapModelTesting */,
				B51662AE2F649FDA009064BF /* LeapModelTestingTests */,
				B51662B82F649FDA009064BF /* LeapModelTestingUITests */,
			);
		};
/* End PBXProject section */

/* Begin PBXResourcesBuildPhase section */
		B51662A02F649FD6009064BF /* Resources */ = {
			isa = PBXResourcesBuildPhase;
			buildActionMask = 2147483647;
			files = (
			);
			runOnlyForDeploymentPostprocessing = 0;
		};
		B51662AD2F649FDA009064BF /* Resources */ = {
			isa = PBXResourcesBuildPhase;
			buildActionMask = 2147483647;
			files = (
			);
			runOnlyForDeploymentPostprocessing = 0;
		};
		B51662B72F649FDA009064BF /* Resources */ = {
			isa = PBXResourcesBuildPhase;
			buildActionMask = 2147483647;
			files = (
			);
			runOnlyForDeploymentPostprocessing = 0;
		};
/* End PBXResourcesBuildPhase section */

/* Begin PBXSourcesBuildPhase section */
		B516629E2F649FD6009064BF /* Sources */ = {
			isa = PBXSourcesBuildPhase;
			buildActionMask = 2147483647;
			files = (
			);
			runOnlyForDeploymentPostprocessing = 0;
		};
		B51662AB2F649FDA009064BF /* Sources */ = {
			isa = PBXSourcesBuildPhase;
			buildActionMask = 2147483647;
			files = (
			);
			runOnlyForDeploymentPostprocessing = 0;
		};
		B51662B52F649FDA009064BF /* Sources */ = {
			isa = PBXSourcesBuildPhase;
			buildActionMask = 2147483647;
			files = (
			);
			runOnlyForDeploymentPostprocessing = 0;
		};
/* End PBXSourcesBuildPhase section */

/* Begin PBXTargetDependency section */
		B51662B12F649FDA009064BF /* PBXTargetDependency */ = {
			isa = PBXTargetDependency;
			target = B51662A12F649FD6009064BF /* LeapModelTesting */;
			targetProxy = B51662B02F649FDA009064BF /* PBXContainerItemProxy */;
		};
		B51662BB2F649FDA009064BF /* PBXTargetDependency */ = {
			isa = PBXTargetDependency;
			target = B51662A12F649FD6009064BF /* LeapModelTesting */;
			targetProxy = B51662BA2F649FDA009064BF /* PBXContainerItemProxy */;
		};
/* End PBXTargetDependency section */

/* Begin XCBuildConfiguration section */
		B51662C12F649FDA009064BF /* Debug */ = {
			isa = XCBuildConfiguration;
			buildSettings = {
				ALWAYS_SEARCH_USER_PATHS = NO;
				ASSETCATALOG_COMPILER_GENERATE_SWIFT_ASSET_SYMBOL_EXTENSIONS = YES;
				CLANG_ANALYZER_NONNULL = YES;
				CLANG_ANALYZER_NUMBER_OBJECT_CONVERSION = YES_AGGRESSIVE;
				CLANG_CXX_LANGUAGE_STANDARD = "gnu++20";
				CLANG_ENABLE_MODULES = YES;
				CLANG_ENABLE_OBJC_ARC = YES;
				CLANG_ENABLE_OBJC_WEAK = YES;
				CLANG_WARN_BLOCK_CAPTURE_AUTORELEASING = YES;
				CLANG_WARN_BOOL_CONVERSION = YES;
				CLANG_WARN_COMMA = YES;
				CLANG_WARN_CONSTANT_CONVERSION = YES;
				CLANG_WARN_DEPRECATED_OBJC_IMPLEMENTATIONS = YES;
				CLANG_WARN_DIRECT_OBJC_ISA_USAGE = YES_ERROR;
				CLANG_WARN_DOCUMENTATION_COMMENTS = YES;
				CLANG_WARN_EMPTY_BODY = YES;
				CLANG_WARN_ENUM_CONVERSION = YES;
				CLANG_WARN_INFINITE_RECURSION = YES;
				CLANG_WARN_INT_CONVERSION = YES;
				CLANG_WARN_NON_LITERAL_NULL_CONVERSION = YES;
				CLANG_WARN_OBJC_IMPLICIT_RETAIN_SELF = YES;
				CLANG_WARN_OBJC_LITERAL_CONVERSION = YES;
				CLANG_WARN_OBJC_ROOT_CLASS = YES_ERROR;
				CLANG_WARN_QUOTED_INCLUDE_IN_FRAMEWORK_HEADER = YES;
				CLANG_WARN_RANGE_LOOP_ANALYSIS = YES;
				CLANG_WARN_STRICT_PROTOTYPES = YES;
				CLANG_WARN_SUSPICIOUS_MOVE = YES;
				CLANG_WARN_UNGUARDED_AVAILABILITY = YES_AGGRESSIVE;
				CLANG_WARN_UNREACHABLE_CODE = YES;
				CLANG_WARN__DUPLICATE_METHOD_MATCH = YES;
				COPY_PHASE_STRIP = NO;
				DEBUG_INFORMATION_FORMAT = dwarf;
				DEVELOPMENT_TEAM = 54YTE3BLBX;
				ENABLE_STRICT_OBJC_MSGSEND = YES;
				ENABLE_TESTABILITY = YES;
				ENABLE_USER_SCRIPT_SANDBOXING = YES;
				GCC_C_LANGUAGE_STANDARD = gnu17;
				GCC_DYNAMIC_NO_PIC = NO;
				GCC_NO_COMMON_BLOCKS = YES;
				GCC_OPTIMIZATION_LEVEL = 0;
				GCC_PREPROCESSOR_DEFINITIONS = (
					"DEBUG=1",
					"$(inherited)",
				);
				GCC_WARN_64_TO_32_BIT_CONVERSION = YES;
				GCC_WARN_ABOUT_RETURN_TYPE = YES_ERROR;
				GCC_WARN_UNDECLARED_SELECTOR = YES;
				GCC_WARN_UNINITIALIZED_AUTOS = YES_AGGRESSIVE;
				GCC_WARN_UNUSED_FUNCTION = YES;
				GCC_WARN_UNUSED_VARIABLE = YES;
				IPHONEOS_DEPLOYMENT_TARGET = 26.2;
				LOCALIZATION_PREFERS_STRING_CATALOGS = YES;
				MTL_ENABLE_DEBUG_INFO = INCLUDE_SOURCE;
				MTL_FAST_MATH = YES;
				ONLY_ACTIVE_ARCH = YES;
				SDKROOT = iphoneos;
				SWIFT_ACTIVE_COMPILATION_CONDITIONS = "DEBUG $(inherited)";
				SWIFT_OPTIMIZATION_LEVEL = "-Onone";
			};
			name = Debug;
		};
		B51662C22F649FDA009064BF /* Release */ = {
			isa = XCBuildConfiguration;
			buildSettings = {
				ALWAYS_SEARCH_USER_PATHS = NO;
				ASSETCATALOG_COMPILER_GENERATE_SWIFT_ASSET_SYMBOL_EXTENSIONS = YES;
				CLANG_ANALYZER_NONNULL = YES;
				CLANG_ANALYZER_NUMBER_OBJECT_CONVERSION = YES_AGGRESSIVE;
				CLANG_CXX_LANGUAGE_STANDARD = "gnu++20";
				CLANG_ENABLE_MODULES = YES;
				CLANG_ENABLE_OBJC_ARC = YES;
				CLANG_ENABLE_OBJC_WEAK = YES;
				CLANG_WARN_BLOCK_CAPTURE_AUTORELEASING = YES;
				CLANG_WARN_BOOL_CONVERSION = YES;
				CLANG_WARN_COMMA = YES;
				CLANG_WARN_CONSTANT_CONVERSION = YES;
				CLANG_WARN_DEPRECATED_OBJC_IMPLEMENTATIONS = YES;
				CLANG_WARN_DIRECT_OBJC_ISA_USAGE = YES_ERROR;
				CLANG_WARN_DOCUMENTATION_COMMENTS = YES;
				CLANG_WARN_EMPTY_BODY = YES;
				CLANG_WARN_ENUM_CONVERSION = YES;
				CLANG_WARN_INFINITE_RECURSION = YES;
				CLANG_WARN_INT_CONVERSION = YES;
				CLANG_WARN_NON_LITERAL_NULL_CONVERSION = YES;
				CLANG_WARN_OBJC_IMPLICIT_RETAIN_SELF = YES;
				CLANG_WARN_OBJC_LITERAL_CONVERSION = YES;
				CLANG_WARN_OBJC_ROOT_CLASS = YES_ERROR;
				CLANG_WARN_QUOTED_INCLUDE_IN_FRAMEWORK_HEADER = YES;
				CLANG_WARN_RANGE_LOOP_ANALYSIS = YES;
				CLANG_WARN_STRICT_PROTOTYPES = YES;
				CLANG_WARN_SUSPICIOUS_MOVE = YES;
				CLANG_WARN_UNGUARDED_AVAILABILITY = YES_AGGRESSIVE;
				CLANG_WARN_UNREACHABLE_CODE = YES;
				CLANG_WARN__DUPLICATE_METHOD_MATCH = YES;
				COPY_PHASE_STRIP = NO;
				DEBUG_INFORMATION_FORMAT = "dwarf-with-dsym";
				DEVELOPMENT_TEAM = 54YTE3BLBX;
				ENABLE_NS_ASSERTIONS = NO;
				ENABLE_STRICT_OBJC_MSGSEND = YES;
				ENABLE_USER_SCRIPT_SANDBOXING = YES;
				GCC_C_LANGUAGE_STANDARD = gnu17;
				GCC_NO_COMMON_BLOCKS = YES;
				GCC_WARN_64_TO_32_BIT_CONVERSION = YES;
				GCC_WARN_ABOUT_RETURN_TYPE = YES_ERROR;
				GCC_WARN_UNDECLARED_SELECTOR = YES;
				GCC_WARN_UNINITIALIZED_AUTOS = YES_AGGRESSIVE;
				GCC_WARN_UNUSED_FUNCTION = YES;
				GCC_WARN_UNUSED_VARIABLE = YES;
				IPHONEOS_DEPLOYMENT_TARGET = 26.2;
				LOCALIZATION_PREFERS_STRING_CATALOGS = YES;
				MTL_ENABLE_DEBUG_INFO = NO;
				MTL_FAST_MATH = YES;
				SDKROOT = iphoneos;
				SWIFT_COMPILATION_MODE = wholemodule;
				VALIDATE_PRODUCT = YES;
			};
			name = Release;
		};
		B51662C42F649FDA009064BF /* Debug */ = {
			isa = XCBuildConfiguration;
			buildSettings = {
				ASSETCATALOG_COMPILER_APPICON_NAME = AppIcon;
				ASSETCATALOG_COMPILER_GLOBAL_ACCENT_COLOR_NAME = AccentColor;
				CODE_SIGN_STYLE = Automatic;
				CURRENT_PROJECT_VERSION = 1;
				DEVELOPMENT_TEAM = 54YTE3BLBX;
				ENABLE_PREVIEWS = YES;
				GENERATE_INFOPLIST_FILE = YES;
				INFOPLIST_KEY_NSPhotoLibraryUsageDescription = "OCR Photo Conversion";
				INFOPLIST_KEY_UIApplicationSceneManifest_Generation = YES;
				INFOPLIST_KEY_UIApplicationSupportsIndirectInputEvents = YES;
				INFOPLIST_KEY_UILaunchScreen_Generation = YES;
				INFOPLIST_KEY_UISupportedInterfaceOrientations_iPad = "UIInterfaceOrientationPortrait UIInterfaceOrientationPortraitUpsideDown UIInterfaceOrientationLandscapeLeft UIInterfaceOrientationLandscapeRight";
				INFOPLIST_KEY_UISupportedInterfaceOrientations_iPhone = "UIInterfaceOrientationPortrait UIInterfaceOrientationLandscapeLeft UIInterfaceOrientationLandscapeRight";
				LD_RUNPATH_SEARCH_PATHS = (
					"$(inherited)",
					"@executable_path/Frameworks",
				);
				MARKETING_VERSION = 1.0;
				PRODUCT_BUNDLE_IDENTIFIER = com.pinwheeldevinc.testing.LeapModelTesting;
				PRODUCT_NAME = "$(TARGET_NAME)";
				STRING_CATALOG_GENERATE_SYMBOLS = YES;
				SWIFT_APPROACHABLE_CONCURRENCY = YES;
				SWIFT_DEFAULT_ACTOR_ISOLATION = MainActor;
				SWIFT_EMIT_LOC_STRINGS = YES;
				SWIFT_UPCOMING_FEATURE_MEMBER_IMPORT_VISIBILITY = YES;
				SWIFT_VERSION = 5.0;
				TARGETED_DEVICE_FAMILY = "1,2";
			};
			name = Debug;
		};
		B51662C52F649FDA009064BF /* Release */ = {
			isa = XCBuildConfiguration;
			buildSettings = {
				ASSETCATALOG_COMPILER_APPICON_NAME = AppIcon;
				ASSETCATALOG_COMPILER_GLOBAL_ACCENT_COLOR_NAME = AccentColor;
				CODE_SIGN_STYLE = Automatic;
				CURRENT_PROJECT_VERSION = 1;
				DEVELOPMENT_TEAM = 54YTE3BLBX;
				ENABLE_PREVIEWS = YES;
				GENERATE_INFOPLIST_FILE = YES;
				INFOPLIST_KEY_NSPhotoLibraryUsageDescription = "OCR Photo Conversion";
				INFOPLIST_KEY_UIApplicationSceneManifest_Generation = YES;
				INFOPLIST_KEY_UIApplicationSupportsIndirectInputEvents = YES;
				INFOPLIST_KEY_UILaunchScreen_Generation = YES;
				INFOPLIST_KEY_UISupportedInterfaceOrientations_iPad = "UIInterfaceOrientationPortrait UIInterfaceOrientationPortraitUpsideDown UIInterfaceOrientationLandscapeLeft UIInterfaceOrientationLandscapeRight";
				INFOPLIST_KEY_UISupportedInterfaceOrientations_iPhone = "UIInterfaceOrientationPortrait UIInterfaceOrientationLandscapeLeft UIInterfaceOrientationLandscapeRight";
				LD_RUNPATH_SEARCH_PATHS = (
					"$(inherited)",
					"@executable_path/Frameworks",
				);
				MARKETING_VERSION = 1.0;
				PRODUCT_BUNDLE_IDENTIFIER = com.pinwheeldevinc.testing.LeapModelTesting;
				PRODUCT_NAME = "$(TARGET_NAME)";
				STRING_CATALOG_GENERATE_SYMBOLS = YES;
				SWIFT_APPROACHABLE_CONCURRENCY = YES;
				SWIFT_DEFAULT_ACTOR_ISOLATION = MainActor;
				SWIFT_EMIT_LOC_STRINGS = YES;
				SWIFT_UPCOMING_FEATURE_MEMBER_IMPORT_VISIBILITY = YES;
				SWIFT_VERSION = 5.0;
				TARGETED_DEVICE_FAMILY = "1,2";
			};
			name = Release;
		};
		B51662C72F649FDA009064BF /* Debug */ = {
			isa = XCBuildConfiguration;
			buildSettings = {
				BUNDLE_LOADER = "$(TEST_HOST)";
				CODE_SIGN_STYLE = Automatic;
				CURRENT_PROJECT_VERSION = 1;
				DEVELOPMENT_TEAM = 54YTE3BLBX;
				GENERATE_INFOPLIST_FILE = YES;
				IPHONEOS_DEPLOYMENT_TARGET = 26.2;
				MARKETING_VERSION = 1.0;
				PRODUCT_BUNDLE_IDENTIFIER = com.pinwheeldevinc.testing.LeapModelTestingTests;
				PRODUCT_NAME = "$(TARGET_NAME)";
				STRING_CATALOG_GENERATE_SYMBOLS = NO;
				SWIFT_APPROACHABLE_CONCURRENCY = YES;
				SWIFT_EMIT_LOC_STRINGS = NO;
				SWIFT_UPCOMING_FEATURE_MEMBER_IMPORT_VISIBILITY = YES;
				SWIFT_VERSION = 5.0;
				TARGETED_DEVICE_FAMILY = "1,2";
				TEST_HOST = "$(BUILT_PRODUCTS_DIR)/LeapModelTesting.app/$(BUNDLE_EXECUTABLE_FOLDER_PATH)/LeapModelTesting";
			};
			name = Debug;
		};
		B51662C82F649FDA009064BF /* Release */ = {
			isa = XCBuildConfiguration;
			buildSettings = {
				BUNDLE_LOADER = "$(TEST_HOST)";
				CODE_SIGN_STYLE = Automatic;
				CURRENT_PROJECT_VERSION = 1;
				DEVELOPMENT_TEAM = 54YTE3BLBX;
				GENERATE_INFOPLIST_FILE = YES;
				IPHONEOS_DEPLOYMENT_TARGET = 26.2;
				MARKETING_VERSION = 1.0;
				PRODUCT_BUNDLE_IDENTIFIER = com.pinwheeldevinc.testing.LeapModelTestingTests;
				PRODUCT_NAME = "$(TARGET_NAME)";
				STRING_CATALOG_GENERATE_SYMBOLS = NO;
				SWIFT_APPROACHABLE_CONCURRENCY = YES;
				SWIFT_EMIT_LOC_STRINGS = NO;
				SWIFT_UPCOMING_FEATURE_MEMBER_IMPORT_VISIBILITY = YES;
				SWIFT_VERSION = 5.0;
				TARGETED_DEVICE_FAMILY = "1,2";
				TEST_HOST = "$(BUILT_PRODUCTS_DIR)/LeapModelTesting.app/$(BUNDLE_EXECUTABLE_FOLDER_PATH)/LeapModelTesting";
			};
			name = Release;
		};
		B51662CA2F649FDA009064BF /* Debug */ = {
			isa = XCBuildConfiguration;
			buildSettings = {
				CODE_SIGN_STYLE = Automatic;
				CURRENT_PROJECT_VERSION = 1;
				DEVELOPMENT_TEAM = 54YTE3BLBX;
				GENERATE_INFOPLIST_FILE = YES;
				MARKETING_VERSION = 1.0;
				PRODUCT_BUNDLE_IDENTIFIER = com.pinwheeldevinc.testing.LeapModelTestingUITests;
				PRODUCT_NAME = "$(TARGET_NAME)";
				STRING_CATALOG_GENERATE_SYMBOLS = NO;
				SWIFT_APPROACHABLE_CONCURRENCY = YES;
				SWIFT_EMIT_LOC_STRINGS = NO;
				SWIFT_UPCOMING_FEATURE_MEMBER_IMPORT_VISIBILITY = YES;
				SWIFT_VERSION = 5.0;
				TARGETED_DEVICE_FAMILY = "1,2";
				TEST_TARGET_NAME = LeapModelTesting;
			};
			name = Debug;
		};
		B51662CB2F649FDA009064BF /* Release */ = {
			isa = XCBuildConfiguration;
			buildSettings = {
				CODE_SIGN_STYLE = Automatic;
				CURRENT_PROJECT_VERSION = 1;
				DEVELOPMENT_TEAM = 54YTE3BLBX;
				GENERATE_INFOPLIST_FILE = YES;
				MARKETING_VERSION = 1.0;
				PRODUCT_BUNDLE_IDENTIFIER = com.pinwheeldevinc.testing.LeapModelTestingUITests;
				PRODUCT_NAME = "$(TARGET_NAME)";
				STRING_CATALOG_GENERATE_SYMBOLS = NO;
				SWIFT_APPROACHABLE_CONCURRENCY = YES;
				SWIFT_EMIT_LOC_STRINGS = NO;
				SWIFT_UPCOMING_FEATURE_MEMBER_IMPORT_VISIBILITY = YES;
				SWIFT_VERSION = 5.0;
				TARGETED_DEVICE_FAMILY = "1,2";
				TEST_TARGET_NAME = LeapModelTesting;
			};
			name = Release;
		};
/* End XCBuildConfiguration section */

/* Begin XCConfigurationList section */
		B516629D2F649FD6009064BF /* Build configuration list for PBXProject "LeapModelTesting" */ = {
			isa = XCConfigurationList;
			buildConfigurations = (
				B51662C12F649FDA009064BF /* Debug */,
				B51662C22F649FDA009064BF /* Release */,
			);
			defaultConfigurationIsVisible = 0;
			defaultConfigurationName = Release;
		};
		B51662C32F649FDA009064BF /* Build configuration list for PBXNativeTarget "LeapModelTesting" */ = {
			isa = XCConfigurationList;
			buildConfigurations = (
				B51662C42F649FDA009064BF /* Debug */,
				B51662C52F649FDA009064BF /* Release */,
			);
			defaultConfigurationIsVisible = 0;
			defaultConfigurationName = Release;
		};
		B51662C62F649FDA009064BF /* Build configuration list for PBXNativeTarget "LeapModelTestingTests" */ = {
			isa = XCConfigurationList;
			buildConfigurations = (
				B51662C72F649FDA009064BF /* Debug */,
				B51662C82F649FDA009064BF /* Release */,
			);
			defaultConfigurationIsVisible = 0;
			defaultConfigurationName = Release;
		};
		B51662C92F649FDA009064BF /* Build configuration list for PBXNativeTarget "LeapModelTestingUITests" */ = {
			isa = XCConfigurationList;
			buildConfigurations = (
				B51662CA2F649FDA009064BF /* Debug */,
				B51662CB2F649FDA009064BF /* Release */,
			);
			defaultConfigurationIsVisible = 0;
			defaultConfigurationName = Release;
		};
/* End XCConfigurationList section */

/* Begin XCRemoteSwiftPackageReference section */
		B51662CC2F64A057009064BF /* XCRemoteSwiftPackageReference "leap-ios" */ = {
			isa = XCRemoteSwiftPackageReference;
			repositoryURL = "https://github.com/Liquid4All/leap-ios.git";
			requirement = {
				branch = main;
				kind = branch;
			};
		};
/* End XCRemoteSwiftPackageReference section */

/* Begin XCSwiftPackageProductDependency section */
		B51662CD2F64A058009064BF /* LeapSDK */ = {
			isa = XCSwiftPackageProductDependency;
			package = B51662CC2F64A057009064BF /* XCRemoteSwiftPackageReference "leap-ios" */;
			productName = LeapSDK;
		};
/* End XCSwiftPackageProductDependency section */
	};
	rootObject = B516629A2F649FD6009064BF /* Project object */;
}
